{
  "name": "delete-smooch-app",
  "version": "1.0.0",
  "lockfileVersion": 1,
  "requires": true,
  "dependencies": {
    "@hapi/address": {
      "version": "2.1.2",
      "resolved": "http://nexus.cxengagelabs.net/repository/npm-all/@hapi/address/-/address-2.1.2.tgz",
      "integrity": "sha512-O4QDrx+JoGKZc6aN64L04vqa7e41tIiLU+OvKdcYaEMP97UttL0f9GIi9/0A4WAMx0uBd6SidDIhktZhgOcN8Q=="
    },
    "@hapi/formula": {
      "version": "1.2.0",
      "resolved": "http://nexus.cxengagelabs.net/repository/npm-all/@hapi/formula/-/formula-1.2.0.tgz",
      "integrity": "sha512-UFbtbGPjstz0eWHb+ga/GM3Z9EzqKXFWIbSOFURU0A/Gku0Bky4bCk9/h//K2Xr3IrCfjFNhMm4jyZ5dbCewGA=="
    },
    "@hapi/hoek": {
      "version": "8.3.1",
      "resolved": "http://nexus.cxengagelabs.net/repository/npm-all/@hapi/hoek/-/hoek-8.3.1.tgz",
      "integrity": "sha512-75ocgnI7HG/I01iGA3/rs0y6PXydUA/kxhFZM0HoT8NLSTnt/J8Gq03iKl4a4B/2A3iMG0ctXtxr5Hg9SGr1gw=="
    },
    "@hapi/joi": {
      "version": "16.1.7",
      "resolved": "http://nexus.cxengagelabs.net/repository/npm-all/@hapi/joi/-/joi-16.1.7.tgz",
      "integrity": "sha512-anaIgnZhNooG3LJLrTFzgGALTiO97zRA1UkvQHm9KxxoSiIzCozB3RCNCpDnfhTJD72QlrHA8nwGmNgpFFCIeg==",
      "requires": {
        "@hapi/address": "^2.1.2",
        "@hapi/formula": "^1.2.0",
        "@hapi/hoek": "^8.2.4",
        "@hapi/pinpoint": "^1.0.2",
        "@hapi/topo": "^3.1.3"
      }
    },
    "@hapi/pinpoint": {
      "version": "1.0.2",
      "resolved": "http://nexus.cxengagelabs.net/repository/npm-all/@hapi/pinpoint/-/pinpoint-1.0.2.tgz",
      "integrity": "sha512-dtXC/WkZBfC5vxscazuiJ6iq4j9oNx1SHknmIr8hofarpKUZKmlUVYVIhNVzIEgK5Wrc4GMHL5lZtt1uS2flmQ=="
    },
    "@hapi/topo": {
      "version": "3.1.6",
      "resolved": "http://nexus.cxengagelabs.net/repository/npm-all/@hapi/topo/-/topo-3.1.6.tgz",
      "integrity": "sha512-tAag0jEcjwH+P2quUfipd7liWCNX2F8NvYjQp2wtInsZxnMlypdw0FtAOLxtvvkO+GSRRbmNi8m/5y42PQJYCQ==",
      "requires": {
        "@hapi/hoek": "^8.3.0"
      }
    },
    "async": {
      "version": "0.9.2",
      "resolved": "https://registry.npmjs.org/async/-/async-0.9.2.tgz",
      "integrity": "sha1-rqdNXmHB+JlhO/ZL2mbUx48v0X0="
    },
    "aws-sdk": {
      "version": "2.542.0",
      "resolved": "http://nexus.cxengagelabs.net/repository/npm-all/aws-sdk/-/aws-sdk-2.542.0.tgz",
      "integrity": "sha512-d/ssYomgCSeZeNKKwaaWu0q2GOu9I+0DQzgh8cRCGGGMaDwZoHQP4FqFtBZV14avWN45QT3b+2TH7UJgKLfbAQ==",
      "requires": {
        "buffer": "4.9.1",
        "events": "1.1.1",
        "ieee754": "1.1.13",
        "jmespath": "0.15.0",
        "querystring": "0.2.0",
        "sax": "1.2.1",
        "url": "0.10.3",
        "uuid": "3.3.2",
        "xml2js": "0.4.19"
      }
    },
    "base64-js": {
      "version": "1.3.1",
      "resolved": "http://nexus.cxengagelabs.net/repository/npm-all/base64-js/-/base64-js-1.3.1.tgz",
      "integrity": "sha512-mLQ4i2QO1ytvGWFWmcngKO//JXAQueZvwEKtjgQFM4jIK0kU+ytMfplL8j+n5mspOfjHwoAg+9yhb7BwAHm36g=="
    },
    "buffer": {
      "version": "4.9.1",
      "resolved": "http://nexus.cxengagelabs.net/repository/npm-all/buffer/-/buffer-4.9.1.tgz",
      "integrity": "sha1-bRu2AbB6TvztlwlBMgkwJ8lbwpg=",
      "requires": {
        "base64-js": "^1.0.2",
        "ieee754": "^1.1.4",
        "isarray": "^1.0.0"
      }
    },
    "buffer-equal-constant-time": {
      "version": "1.0.1",
      "resolved": "https://registry.npmjs.org/buffer-equal-constant-time/-/buffer-equal-constant-time-1.0.1.tgz",
      "integrity": "sha1-+OcRMvf/5uAaXJaXpMbz5I1cyBk="
    },
    "combined-stream": {
      "version": "0.0.7",
      "resolved": "https://registry.npmjs.org/combined-stream/-/combined-stream-0.0.7.tgz",
      "integrity": "sha1-ATfmV7qlp1QcV6w3rF/AfXO03B8=",
      "requires": {
        "delayed-stream": "0.0.5"
      }
    },
    "delayed-stream": {
      "version": "0.0.5",
      "resolved": "https://registry.npmjs.org/delayed-stream/-/delayed-stream-0.0.5.tgz",
      "integrity": "sha1-1LH0OpPoKW3+AmlPRoC8N6MTxz8="
    },
    "ecdsa-sig-formatter": {
      "version": "1.0.11",
      "resolved": "https://registry.npmjs.org/ecdsa-sig-formatter/-/ecdsa-sig-formatter-1.0.11.tgz",
      "integrity": "sha512-nagl3RYrbNv6kQkeJIpt6NJZy8twLB/2vtz6yN9Z4vRKHN4/QZJIEbqohALSgwKdnksuY3k5Addp5lg8sVoVcQ==",
      "requires": {
        "safe-buffer": "^5.0.1"
      }
    },
    "encoding": {
      "version": "0.1.12",
      "resolved": "https://registry.npmjs.org/encoding/-/encoding-0.1.12.tgz",
      "integrity": "sha1-U4tm8+5izRq1HsMjgp0flIDHS+s=",
      "requires": {
        "iconv-lite": "~0.4.13"
      }
    },
    "events": {
      "version": "1.1.1",
      "resolved": "http://nexus.cxengagelabs.net/repository/npm-all/events/-/events-1.1.1.tgz",
      "integrity": "sha1-nr23Y1rQmccNzEwqH1AEKI6L2SQ="
    },
    "form-data": {
      "version": "0.2.0",
      "resolved": "https://registry.npmjs.org/form-data/-/form-data-0.2.0.tgz",
      "integrity": "sha1-Jvi8JtpkQOKZy9z7aQNcT3em5GY=",
      "requires": {
        "async": "~0.9.0",
        "combined-stream": "~0.0.4",
        "mime-types": "~2.0.3"
      }
    },
    "iconv-lite": {
      "version": "0.4.24",
      "resolved": "https://registry.npmjs.org/iconv-lite/-/iconv-lite-0.4.24.tgz",
      "integrity": "sha512-v3MXnZAcvnywkTUEZomIActle7RXXeedOR31wwl7VlyoXO4Qi9arvSenNQWne1TcRwhCL1HwLI21bEqdpj8/rA==",
      "requires": {
        "safer-buffer": ">= 2.1.2 < 3"
      }
    },
    "ieee754": {
      "version": "1.1.13",
      "resolved": "http://nexus.cxengagelabs.net/repository/npm-all/ieee754/-/ieee754-1.1.13.tgz",
      "integrity": "sha512-4vf7I2LYV/HaWerSo3XmlMkp5eZ83i+/CDluXi/IGTs/O1sejBNhTtnxzmRZfvOUqj7lZjqHkeTvpgSFDlWZTg=="
    },
    "is-stream": {
      "version": "1.1.0",
      "resolved": "https://registry.npmjs.org/is-stream/-/is-stream-1.1.0.tgz",
      "integrity": "sha1-EtSj3U5o4Lec6428hBc66A2RykQ="
    },
    "isarray": {
      "version": "1.0.0",
      "resolved": "http://nexus.cxengagelabs.net/repository/npm-all/isarray/-/isarray-1.0.0.tgz",
      "integrity": "sha1-u5NdSFgsuhaMBoNJV6VKPgcSTxE="
    },
    "jmespath": {
      "version": "0.15.0",
      "resolved": "http://nexus.cxengagelabs.net/repository/npm-all/jmespath/-/jmespath-0.15.0.tgz",
      "integrity": "sha1-o/Iiqarp+Wb10nx5ZRDigJF2Qhc="
    },
    "jsonwebtoken": {
      "version": "5.4.1",
      "resolved": "https://registry.npmjs.org/jsonwebtoken/-/jsonwebtoken-5.4.1.tgz",
      "integrity": "sha1-IFXGORlf/lYxT6alHfAkaBhqlpU=",
      "requires": {
        "jws": "^3.0.0",
        "ms": "^0.7.1"
      }
    },
    "jwa": {
      "version": "1.4.1",
      "resolved": "https://registry.npmjs.org/jwa/-/jwa-1.4.1.tgz",
      "integrity": "sha512-qiLX/xhEEFKUAJ6FiBMbes3w9ATzyk5W7Hvzpa/SLYdxNtng+gcurvrI7TbACjIXlsJyr05/S1oUhZrc63evQA==",
      "requires": {
        "buffer-equal-constant-time": "1.0.1",
        "ecdsa-sig-formatter": "1.0.11",
        "safe-buffer": "^5.0.1"
      }
    },
    "jws": {
      "version": "3.2.2",
      "resolved": "https://registry.npmjs.org/jws/-/jws-3.2.2.tgz",
      "integrity": "sha512-YHlZCB6lMTllWDtSPHz/ZXTsi8S00usEV6v1tjq8tOUZzw7DpSDWVXjXDre6ed1w/pd495ODpHZYSdkRTsa0HA==",
      "requires": {
        "jwa": "^1.4.1",
        "safe-buffer": "^5.0.1"
      }
    },
    "libphonenumber-js": {
      "version": "1.7.26",
      "resolved": "http://nexus.cxengagelabs.net/repository/npm-all/libphonenumber-js/-/libphonenumber-js-1.7.26.tgz",
      "integrity": "sha512-23y9szw5sCrko0i4bO+jv6B3fFJkr0+bZ/5DLyY7TxBDJ04ACw+obdOdR3d2aOwbnOW+eevcgt8HqYgvjrfD/A==",
      "requires": {
        "minimist": "^1.2.0",
        "xml2js": "^0.4.17"
      }
    },
    "mime-db": {
      "version": "1.12.0",
      "resolved": "https://registry.npmjs.org/mime-db/-/mime-db-1.12.0.tgz",
      "integrity": "sha1-PQxjGA9FjrENMlqqN9fFiuMS6dc="
    },
    "mime-types": {
      "version": "2.0.14",
      "resolved": "https://registry.npmjs.org/mime-types/-/mime-types-2.0.14.tgz",
      "integrity": "sha1-MQ4VnbI+B3+Lsit0jav6SVcUCqY=",
      "requires": {
        "mime-db": "~1.12.0"
      }
    },
    "minimist": {
      "version": "1.2.0",
      "resolved": "http://nexus.cxengagelabs.net/repository/npm-all/minimist/-/minimist-1.2.0.tgz",
      "integrity": "sha1-o1AIsg9BOD7sH7kU9M1d95omQoQ="
    },
    "ms": {
      "version": "0.7.3",
      "resolved": "https://registry.npmjs.org/ms/-/ms-0.7.3.tgz",
      "integrity": "sha1-cIFVpeROM/X9D8U+gdDUCpG+H/8="
    },
    "node-fetch": {
      "version": "1.7.2",
      "resolved": "https://registry.npmjs.org/node-fetch/-/node-fetch-1.7.2.tgz",
      "integrity": "sha512-xZZUq2yDhKMIn/UgG5q//IZSNLJIwW2QxS14CNH5spuiXkITM2pUitjdq58yLSaU7m4M0wBNaM2Gh/ggY4YJig==",
      "requires": {
        "encoding": "^0.1.11",
        "is-stream": "^1.0.1"
      }
    },
    "punycode": {
      "version": "1.3.2",
      "resolved": "http://nexus.cxengagelabs.net/repository/npm-all/punycode/-/punycode-1.3.2.tgz",
      "integrity": "sha1-llOgNvt8HuQjQvIyXM7v6jkmxI0="
    },
    "querystring": {
      "version": "0.2.0",
      "resolved": "http://nexus.cxengagelabs.net/repository/npm-all/querystring/-/querystring-0.2.0.tgz",
      "integrity": "sha1-sgmEkgO7Jd+CDadW50cAWHhSFiA="
    },
    "safe-buffer": {
      "version": "5.2.0",
      "resolved": "https://registry.npmjs.org/safe-buffer/-/safe-buffer-5.2.0.tgz",
      "integrity": "sha512-fZEwUGbVl7kouZs1jCdMLdt95hdIv0ZeHg6L7qPeciMZhZ+/gdesW4wgTARkrFWEpspjEATAzUGPG8N2jJiwbg=="
    },
    "safer-buffer": {
      "version": "2.1.2",
      "resolved": "https://registry.npmjs.org/safer-buffer/-/safer-buffer-2.1.2.tgz",
      "integrity": "sha512-YZo3K82SD7Riyi0E1EQPojLz7kpepnSQI9IyPbHHg1XXXevb5dJI7tpyN2ADxGcQbHG7vcyRHk0cbwqcQriUtg=="
    },
    "sax": {
      "version": "1.2.1",
      "resolved": "http://nexus.cxengagelabs.net/repository/npm-all/sax/-/sax-1.2.1.tgz",
      "integrity": "sha1-e45lYZCyKOgaZq6nSEgNgozS03o="
    },
    "serenova-js-utils": {
      "version": "1.7.1",
      "resolved": "http://nexus.cxengagelabs.net/repository/npm-all/serenova-js-utils/-/serenova-js-utils-1.7.1.tgz",
      "integrity": "sha512-9ALSIFqig2Ooc+oMtWOPm1TnlSV+W+whdeL3JHKDmRKCho9oPaFq+HUsrxBVg3+i61Dvq1TLTtqiVRNNXLjlUQ==",
      "requires": {
        "libphonenumber-js": "^1.7.22"
      }
    },
    "smooch-core": {
      "version": "8.7.3",
      "resolved": "https://registry.npmjs.org/smooch-core/-/smooch-core-8.7.3.tgz",
      "integrity": "sha512-bf3cDYnIhVQjtKnUyNDAm0WEVkd6L0kbD+yAh/ni4Dli9sqjrizgvRe5V6QSbNtpYBTQEs/GPSYyC2mqqrFQsg==",
      "requires": {
        "form-data": "0.2.0",
        "jsonwebtoken": "5.4.1",
        "node-fetch": "1.7.2"
      }
    },
    "url": {
      "version": "0.10.3",
      "resolved": "http://nexus.cxengagelabs.net/repository/npm-all/url/-/url-0.10.3.tgz",
      "integrity": "sha1-Ah5NnHcF8hu/N9A861h2dAJ3TGQ=",
      "requires": {
        "punycode": "1.3.2",
        "querystring": "0.2.0"
      }
    },
    "uuid": {
      "version": "3.3.2",
      "resolved": "http://nexus.cxengagelabs.net/repository/npm-all/uuid/-/uuid-3.3.2.tgz",
      "integrity": "sha512-yXJmeNaw3DnnKAOKJE51sL/ZaYfWJRl1pK9dr19YFCu0ObS231AB1/LbqTKRAQ5kw8A90rA6fr4riOUpTZvQZA=="
    },
    "xml2js": {
      "version": "0.4.19",
      "resolved": "http://nexus.cxengagelabs.net/repository/npm-all/xml2js/-/xml2js-0.4.19.tgz",
      "integrity": "sha512-esZnJZJOiJR9wWKMyuvSE1y6Dq5LCuJanqhxslH2bxM6duahNZ+HMpCLhBQGZkbX6xRf8x1Y2eJlgt2q3qo49Q==",
      "requires": {
        "sax": ">=0.6.0",
        "xmlbuilder": "~9.0.1"
      }
    },
    "xmlbuilder": {
      "version": "9.0.7",
      "resolved": "http://nexus.cxengagelabs.net/repository/npm-all/xmlbuilder/-/xmlbuilder-9.0.7.tgz",
      "integrity": "sha1-Ey7mPS7FVlxVfiD0wi35rKaGsQ0="
    }
  }
}
